// !$*UTF8*$!
{
	archiveVersion = 1;
	classes = {
	};
	objectVersion = 50;
	objects = {

/* Begin PBXBuildFile section */
		9D143A6F21FB09B6005611D8 /* AppDelegate.swift in Sources */ = {isa = PBXBuildFile; fileRef = 9D143A6E21FB09B6005611D8 /* AppDelegate.swift */; };
		9D143A7121FB09B6005611D8 /* ViewController.swift in Sources */ = {isa = PBXBuildFile; fileRef = 9D143A7021FB09B6005611D8 /* ViewController.swift */; };
		9D143A7421FB09B6005611D8 /* Main.storyboard in Resources */ = {isa = PBXBuildFile; fileRef = 9D143A7221FB09B6005611D8 /* Main.storyboard */; };
		9D143A7621FB09B8005611D8 /* Assets.xcassets in Resources */ = {isa = PBXBuildFile; fileRef = 9D143A7521FB09B8005611D8 /* Assets.xcassets */; };
		9D143A7921FB09B8005611D8 /* LaunchScreen.storyboard in Resources */ = {isa = PBXBuildFile; fileRef = 9D143A7721FB09B8005611D8 /* LaunchScreen.storyboard */; };
		9D143A9221FB1F5D005611D8 /* WelcomePresenter.swift in Sources */ = {isa = PBXBuildFile; fileRef = 9D143A8D21FB1F5D005611D8 /* WelcomePresenter.swift */; };
		9D143A9321FB1F5D005611D8 /* WelcomeViewController.swift in Sources */ = {isa = PBXBuildFile; fileRef = 9D143A8E21FB1F5D005611D8 /* WelcomeViewController.swift */; };
		9D143A9421FB1F5D005611D8 /* WelcomeInteractor.swift in Sources */ = {isa = PBXBuildFile; fileRef = 9D143A8F21FB1F5D005611D8 /* WelcomeInteractor.swift */; };
		9D143A9521FB1F5D005611D8 /* WelcomeModel.swift in Sources */ = {isa = PBXBuildFile; fileRef = 9D143A9021FB1F5D005611D8 /* WelcomeModel.swift */; };
		9D143A9621FB1F5D005611D8 /* WelcomeViewModel.swift in Sources */ = {isa = PBXBuildFile; fileRef = 9D143A9121FB1F5D005611D8 /* WelcomeViewModel.swift */; };
		9D143A9C21FB1F74005611D8 /* TimeZoneListPresenter.swift in Sources */ = {isa = PBXBuildFile; fileRef = 9D143A9721FB1F74005611D8 /* TimeZoneListPresenter.swift */; };
		9D143A9D21FB1F74005611D8 /* TimeZoneListViewController.swift in Sources */ = {isa = PBXBuildFile; fileRef = 9D143A9821FB1F74005611D8 /* TimeZoneListViewController.swift */; };
		9D143A9E21FB1F74005611D8 /* TimeZoneListInteractor.swift in Sources */ = {isa = PBXBuildFile; fileRef = 9D143A9921FB1F74005611D8 /* TimeZoneListInteractor.swift */; };
		9D143A9F21FB1F74005611D8 /* TimeZoneListModel.swift in Sources */ = {isa = PBXBuildFile; fileRef = 9D143A9A21FB1F74005611D8 /* TimeZoneListModel.swift */; };
		9D143AA021FB1F74005611D8 /* TimeZoneListViewModel.swift in Sources */ = {isa = PBXBuildFile; fileRef = 9D143A9B21FB1F74005611D8 /* TimeZoneListViewModel.swift */; };
		9D143AA721FB235B005611D8 /* DetailZonePresenter.swift in Sources */ = {isa = PBXBuildFile; fileRef = 9D143AA221FB235B005611D8 /* DetailZonePresenter.swift */; };
		9D143AA821FB235B005611D8 /* DetailZoneViewController.swift in Sources */ = {isa = PBXBuildFile; fileRef = 9D143AA321FB235B005611D8 /* DetailZoneViewController.swift */; };
		9D143AA921FB235B005611D8 /* DetailZoneInteractor.swift in Sources */ = {isa = PBXBuildFile; fileRef = 9D143AA421FB235B005611D8 /* DetailZoneInteractor.swift */; };
		9D143AAA21FB235B005611D8 /* DetailZoneModel.swift in Sources */ = {isa = PBXBuildFile; fileRef = 9D143AA521FB235B005611D8 /* DetailZoneModel.swift */; };
		9D143AAB21FB235B005611D8 /* DetailZoneViewModel.swift in Sources */ = {isa = PBXBuildFile; fileRef = 9D143AA621FB235B005611D8 /* DetailZoneViewModel.swift */; };
/* End PBXBuildFile section */

/* Begin PBXFileReference section */
		9D143A6B21FB09B6005611D8 /* Clean-tableView.app */ = {isa = PBXFileReference; explicitFileType = wrapper.application; includeInIndex = 0; path = "Clean-tableView.app"; sourceTree = BUILT_PRODUCTS_DIR; };
		9D143A6E21FB09B6005611D8 /* AppDelegate.swift */ = {isa = PBXFileReference; lastKnownFileType = sourcecode.swift; path = AppDelegate.swift; sourceTree = "<group>"; };
		9D143A7021FB09B6005611D8 /* ViewController.swift */ = {isa = PBXFileReference; lastKnownFileType = sourcecode.swift; path = ViewController.swift; sourceTree = "<group>"; };
		9D143A7321FB09B6005611D8 /* Base */ = {isa = PBXFileReference; lastKnownFileType = file.storyboard; name = Base; path = Base.lproj/Main.storyboard; sourceTree = "<group>"; };
		9D143A7521FB09B8005611D8 /* Assets.xcassets */ = {isa = PBXFileReference; lastKnownFileType = folder.assetcatalog; path = Assets.xcassets; sourceTree = "<group>"; };
		9D143A7821FB09B8005611D8 /* Base */ = {isa = PBXFileReference; lastKnownFileType = file.storyboard; name = Base; path = Base.lproj/LaunchScreen.storyboard; sourceTree = "<group>"; };
		9D143A7A21FB09B8005611D8 /* Info.plist */ = {isa = PBXFileReference; lastKnownFileType = text.plist.xml; path = Info.plist; sourceTree = "<group>"; };
		9D143A8D21FB1F5D005611D8 /* WelcomePresenter.swift */ = {isa = PBXFileReference; lastKnownFileType = sourcecode.swift; path = WelcomePresenter.swift; sourceTree = "<group>"; };
		9D143A8E21FB1F5D005611D8 /* WelcomeViewController.swift */ = {isa = PBXFileReference; lastKnownFileType = sourcecode.swift; path = WelcomeViewController.swift; sourceTree = "<group>"; };
		9D143A8F21FB1F5D005611D8 /* WelcomeInteractor.swift */ = {isa = PBXFileReference; lastKnownFileType = sourcecode.swift; path = WelcomeInteractor.swift; sourceTree = "<group>"; };
		9D143A9021FB1F5D005611D8 /* WelcomeModel.swift */ = {isa = PBXFileReference; lastKnownFileType = sourcecode.swift; path = WelcomeModel.swift; sourceTree = "<group>"; };
		9D143A9121FB1F5D005611D8 /* WelcomeViewModel.swift */ = {isa = PBXFileReference; lastKnownFileType = sourcecode.swift; path = WelcomeViewModel.swift; sourceTree = "<group>"; };
		9D143A9721FB1F74005611D8 /* TimeZoneListPresenter.swift */ = {isa = PBXFileReference; lastKnownFileType = sourcecode.swift; path = TimeZoneListPresenter.swift; sourceTree = "<group>"; };
		9D143A9821FB1F74005611D8 /* TimeZoneListViewController.swift */ = {isa = PBXFileReference; lastKnownFileType = sourcecode.swift; path = TimeZoneListViewController.swift; sourceTree = "<group>"; };
		9D143A9921FB1F74005611D8 /* TimeZoneListInteractor.swift */ = {isa = PBXFileReference; lastKnownFileType = sourcecode.swift; path = TimeZoneListInteractor.swift; sourceTree = "<group>"; };
		9D143A9A21FB1F74005611D8 /* TimeZoneListModel.swift */ = {isa = PBXFileReference; lastKnownFileType = sourcecode.swift; path = TimeZoneListModel.swift; sourceTree = "<group>"; };
		9D143A9B21FB1F74005611D8 /* TimeZoneListViewModel.swift */ = {isa = PBXFileReference; lastKnownFileType = sourcecode.swift; path = TimeZoneListViewModel.swift; sourceTree = "<group>"; };
		9D143AA221FB235B005611D8 /* DetailZonePresenter.swift */ = {isa = PBXFileReference; lastKnownFileType = sourcecode.swift; path = DetailZonePresenter.swift; sourceTree = "<group>"; };
		9D143AA321FB235B005611D8 /* DetailZoneViewController.swift */ = {isa = PBXFileReference; lastKnownFileType = sourcecode.swift; path = DetailZoneViewController.swift; sourceTree = "<group>"; };
		9D143AA421FB235B005611D8 /* DetailZoneInteractor.swift */ = {isa = PBXFileReference; lastKnownFileType = sourcecode.swift; path = DetailZoneInteractor.swift; sourceTree = "<group>"; };
		9D143AA521FB235B005611D8 /* DetailZoneModel.swift */ = {isa = PBXFileReference; lastKnownFileType = sourcecode.swift; path = DetailZoneModel.swift; sourceTree = "<group>"; };
		9D143AA621FB235B005611D8 /* DetailZoneViewModel.swift */ = {isa = PBXFileReference; lastKnownFileType = sourcecode.swift; path = DetailZoneViewModel.swift; sourceTree = "<group>"; };
/* End PBXFileReference section */

/* Begin PBXFrameworksBuildPhase section */
		9D143A6821FB09B6005611D8 /* Frameworks */ = {
			isa = PBXFrameworksBuildPhase;
			buildActionMask = 2147483647;
			files = (
			);
			runOnlyForDeploymentPostprocessing = 0;
		};
/* End PBXFrameworksBuildPhase section */

/* Begin PBXGroup section */
		9D143A6221FB09B5005611D8 = {
			isa = PBXGroup;
			children = (
				9D143A6D21FB09B6005611D8 /* Clean-tableView */,
				9D143A6C21FB09B6005611D8 /* Products */,
			);
			sourceTree = "<group>";
		};
		9D143A6C21FB09B6005611D8 /* Products */ = {
			isa = PBXGroup;
			children = (
				9D143A6B21FB09B6005611D8 /* Clean-tableView.app */,
			);
			name = Products;
			sourceTree = "<group>";
		};
		9D143A6D21FB09B6005611D8 /* Clean-tableView */ = {
			isa = PBXGroup;
			children = (
				9D143AA121FB232D005611D8 /* DetailZone */,
				9D143A8C21FB1F37005611D8 /* TimeZoneList */,
				9D143A8B21FB1F2B005611D8 /* Welcome */,
				9D143A6E21FB09B6005611D8 /* AppDelegate.swift */,
				9D143A7021FB09B6005611D8 /* ViewController.swift */,
				9D143A7221FB09B6005611D8 /* Main.storyboard */,
				9D143A7521FB09B8005611D8 /* Assets.xcassets */,
				9D143A7721FB09B8005611D8 /* LaunchScreen.storyboard */,
				9D143A7A21FB09B8005611D8 /* Info.plist */,
			);
			path = "Clean-tableView";
			sourceTree = "<group>";
		};
		9D143A8B21FB1F2B005611D8 /* Welcome */ = {
			isa = PBXGroup;
			children = (
				9D143A8D21FB1F5D005611D8 /* WelcomePresenter.swift */,
				9D143A8E21FB1F5D005611D8 /* WelcomeViewController.swift */,
				9D143A8F21FB1F5D005611D8 /* WelcomeInteractor.swift */,
				9D143A9021FB1F5D005611D8 /* WelcomeModel.swift */,
				9D143A9121FB1F5D005611D8 /* WelcomeViewModel.swift */,
			);
			path = Welcome;
			sourceTree = "<group>";
		};
		9D143A8C21FB1F37005611D8 /* TimeZoneList */ = {
			isa = PBXGroup;
			children = (
				9D143A9721FB1F74005611D8 /* TimeZoneListPresenter.swift */,
				9D143A9821FB1F74005611D8 /* TimeZoneListViewController.swift */,
				9D143A9921FB1F74005611D8 /* TimeZoneListInteractor.swift */,
				9D143A9A21FB1F74005611D8 /* TimeZoneListModel.swift */,
				9D143A9B21FB1F74005611D8 /* TimeZoneListViewModel.swift */,
			);
			path = TimeZoneList;
			sourceTree = "<group>";
		};
		9D143AA121FB232D005611D8 /* DetailZone */ = {
			isa = PBXGroup;
			children = (
				9D143AA221FB235B005611D8 /* DetailZonePresenter.swift */,
				9D143AA321FB235B005611D8 /* DetailZoneViewController.swift */,
				9D143AA421FB235B005611D8 /* DetailZoneInteractor.swift */,
				9D143AA521FB235B005611D8 /* DetailZoneModel.swift */,
				9D143AA621FB235B005611D8 /* DetailZoneViewModel.swift */,
			);
			path = DetailZone;
			sourceTree = "<group>";
		};
/* End PBXGroup section */

/* Begin PBXNativeTarget section */
		9D143A6A21FB09B6005611D8 /* Clean-tableView */ = {
			isa = PBXNativeTarget;
			buildConfigurationList = 9D143A7D21FB09B8005611D8 /* Build configuration list for PBXNativeTarget "Clean-tableView" */;
			buildPhases = (
				9D143A6721FB09B6005611D8 /* Sources */,
				9D143A6821FB09B6005611D8 /* Frameworks */,
				9D143A6921FB09B6005611D8 /* Resources */,
			);
			buildRules = (
			);
			dependencies = (
			);
			name = "Clean-tableView";
			productName = "Clean-tableView";
			productReference = 9D143A6B21FB09B6005611D8 /* Clean-tableView.app */;
			productType = "com.apple.product-type.application";
		};
/* End PBXNativeTarget section */

/* Begin PBXProject section */
		9D143A6321FB09B5005611D8 /* Project object */ = {
			isa = PBXProject;
			attributes = {
				LastSwiftUpdateCheck = 1010;
				LastUpgradeCheck = 1010;
				ORGANIZATIONNAME = "Matthew Usdin";
				TargetAttributes = {
					9D143A6A21FB09B6005611D8 = {
						CreatedOnToolsVersion = 10.1;
					};
				};
			};
			buildConfigurationList = 9D143A6621FB09B5005611D8 /* Build configuration list for PBXProject "Clean-tableView" */;
			compatibilityVersion = "Xcode 9.3";
			developmentRegion = en;
			hasScannedForEncodings = 0;
			knownRegions = (
				en,
				Base,
			);
			mainGroup = 9D143A6221FB09B5005611D8;
			productRefGroup = 9D143A6C21FB09B6005611D8 /* Products */;
			projectDirPath = "";
			projectRoot = "";
			targets = (
				9D143A6A21FB09B6005611D8 /* Clean-tableView */,
			);
		};
/* End PBXProject section */

/* Begin PBXResourcesBuildPhase section */
		9D143A6921FB09B6005611D8 /* Resources */ = {
			isa = PBXResourcesBuildPhase;
			buildActionMask = 2147483647;
			files = (
				9D143A7921FB09B8005611D8 /* LaunchScreen.storyboard in Resources */,
				9D143A7621FB09B8005611D8 /* Assets.xcassets in Resources */,
				9D143A7421FB09B6005611D8 /* Main.storyboard in Resources */,
			);
			runOnlyForDeploymentPostprocessing = 0;
		};
/* End PBXResourcesBuildPhase section */

/* Begin PBXSourcesBuildPhase section */
		9D143A6721FB09B6005611D8 /* Sources */ = {
			isa = PBXSourcesBuildPhase;
			buildActionMask = 2147483647;
			files = (
				9D143AAA21FB235B005611D8 /* DetailZoneModel.swift in Sources */,
				9D143A9321FB1F5D005611D8 /* WelcomeViewController.swift in Sources */,
				9D143AA821FB235B005611D8 /* DetailZoneViewController.swift in Sources */,
				9D143AA021FB1F74005611D8 /* TimeZoneListViewModel.swift in Sources */,
				9D143A9621FB1F5D005611D8 /* WelcomeViewModel.swift in Sources */,
				9D143A7121FB09B6005611D8 /* ViewController.swift in Sources */,
				9D143A9E21FB1F74005611D8 /* TimeZoneListInteractor.swift in Sources */,
				9D143AAB21FB235B005611D8 /* DetailZoneViewModel.swift in Sources */,
				9D143A9521FB1F5D005611D8 /* WelcomeModel.swift in Sources */,
				9D143AA921FB235B005611D8 /* DetailZoneInteractor.swift in Sources */,
				9D143A6F21FB09B6005611D8 /* AppDelegate.swift in Sources */,
				9D143A9221FB1F5D005611D8 /* WelcomePresenter.swift in Sources */,
				9D143A9F21FB1F74005611D8 /* TimeZoneListModel.swift in Sources */,
				9D143AA721FB235B005611D8 /* DetailZonePresenter.swift in Sources */,
				9D143A9C21FB1F74005611D8 /* TimeZoneListPresenter.swift in Sources */,
				9D143A9D21FB1F74005611D8 /* TimeZoneListViewController.swift in Sources */,
				9D143A9421FB1F5D005611D8 /* WelcomeInteractor.swift in Sources */,
			);
			runOnlyForDeploymentPostprocessing = 0;
		};
/* End PBXSourcesBuildPhase section */

/* Begin PBXVariantGroup section */
		9D143A7221FB09B6005611D8 /* Main.storyboard */ = {
			isa = PBXVariantGroup;
			children = (
				9D143A7321FB09B6005611D8 /* Base */,
			);
			name = Main.storyboard;
			sourceTree = "<group>";
		};
		9D143A7721FB09B8005611D8 /* LaunchScreen.storyboard */ = {
			isa = PBXVariantGroup;
			children = (
				9D143A7821FB09B8005611D8 /* Base */,
			);
			name = LaunchScreen.storyboard;
			sourceTree = "<group>";
		};
/* End PBXVariantGroup section */

/* Begin XCBuildConfiguration section */
		9D143A7B21FB09B8005611D8 /* Debug */ = {
			isa = XCBuildConfiguration;
			buildSettings = {
				ALWAYS_SEARCH_USER_PATHS = NO;
				CLANG_ANALYZER_NONNULL = YES;
				CLANG_ANALYZER_NUMBER_OBJECT_CONVERSION = YES_AGGRESSIVE;
				CLANG_CXX_LANGUAGE_STANDARD = "gnu++14";
				CLANG_CXX_LIBRARY = "libc++";
				CLANG_ENABLE_MODULES = YES;
				CLANG_ENABLE_OBJC_ARC = YES;
				CLANG_ENABLE_OBJC_WEAK = YES;
				CLANG_WARN_BLOCK_CAPTURE_AUTORELEASING = YES;
				CLANG_WARN_BOOL_CONVERSION = YES;
				CLANG_WARN_COMMA = YES;
				CLANG_WARN_CONSTANT_CONVERSION = YES;
				CLANG_WARN_DEPRECATED_OBJC_IMPLEMENTATIONS = YES;
				CLANG_WARN_DIRECT_OBJC_ISA_USAGE = YES_ERROR;
				CLANG_WARN_DOCUMENTATION_COMMENTS = YES;
				CLANG_WARN_EMPTY_BODY = YES;
				CLANG_WARN_ENUM_CONVERSION = YES;
				CLANG_WARN_INFINITE_RECURSION = YES;
				CLANG_WARN_INT_CONVERSION = YES;
				CLANG_WARN_NON_LITERAL_NULL_CONVERSION = YES;
				CLANG_WARN_OBJC_IMPLICIT_RETAIN_SELF = YES;
				CLANG_WARN_OBJC_LITERAL_CONVERSION = YES;
				CLANG_WARN_OBJC_ROOT_CLASS = YES_ERROR;
				CLANG_WARN_RANGE_LOOP_ANALYSIS = YES;
				CLANG_WARN_STRICT_PROTOTYPES = YES;
				CLANG_WARN_SUSPICIOUS_MOVE = YES;
				CLANG_WARN_UNGUARDED_AVAILABILITY = YES_AGGRESSIVE;
				CLANG_WARN_UNREACHABLE_CODE = YES;
				CLANG_WARN__DUPLICATE_METHOD_MATCH = YES;
				CODE_SIGN_IDENTITY = "iPhone Developer";
				COPY_PHASE_STRIP = NO;
				DEBUG_INFORMATION_FORMAT = dwarf;
				ENABLE_STRICT_OBJC_MSGSEND = YES;
				ENABLE_TESTABILITY = YES;
				GCC_C_LANGUAGE_STANDARD = gnu11;
				GCC_DYNAMIC_NO_PIC = NO;
				GCC_NO_COMMON_BLOCKS = YES;
				GCC_OPTIMIZATION_LEVEL = 0;
				GCC_PREPROCESSOR_DEFINITIONS = (
					"DEBUG=1",
					"$(inherited)",
				);
				GCC_WARN_64_TO_32_BIT_CONVERSION = YES;
				GCC_WARN_ABOUT_RETURN_TYPE = YES_ERROR;
				GCC_WARN_UNDECLARED_SELECTOR = YES;
				GCC_WARN_UNINITIALIZED_AUTOS = YES_AGGRESSIVE;
				GCC_WARN_UNUSED_FUNCTION = YES;
				GCC_WARN_UNUSED_VARIABLE = YES;
				IPHONEOS_DEPLOYMENT_TARGET = 12.1;
				MTL_ENABLE_DEBUG_INFO = INCLUDE_SOURCE;
				MTL_FAST_MATH = YES;
				ONLY_ACTIVE_ARCH = YES;
				SDKROOT = iphoneos;
				SWIFT_ACTIVE_COMPILATION_CONDITIONS = DEBUG;
				SWIFT_OPTIMIZATION_LEVEL = "-Onone";
			};
			name = Debug;
		};
		9D143A7C21FB09B8005611D8 /* Release */ = {
			isa = XCBuildConfiguration;
			buildSettings = {
				ALWAYS_SEARCH_USER_PATHS = NO;
				CLANG_ANALYZER_NONNULL = YES;
				CLANG_ANALYZER_NUMBER_OBJECT_CONVERSION = YES_AGGRESSIVE;
				CLANG_CXX_LANGUAGE_STANDARD = "gnu++14";
				CLANG_CXX_LIBRARY = "libc++";
				CLANG_ENABLE_MODULES = YES;
				CLANG_ENABLE_OBJC_ARC = YES;
				CLANG_ENABLE_OBJC_WEAK = YES;
				CLANG_WARN_BLOCK_CAPTURE_AUTORELEASING = YES;
				CLANG_WARN_BOOL_CONVERSION = YES;
				CLANG_WARN_COMMA = YES;
				CLANG_WARN_CONSTANT_CONVERSION = YES;
				CLANG_WARN_DEPRECATED_OBJC_IMPLEMENTATIONS = YES;
				CLANG_WARN_DIRECT_OBJC_ISA_USAGE = YES_ERROR;
				CLANG_WARN_DOCUMENTATION_COMMENTS = YES;
				CLANG_WARN_EMPTY_BODY = YES;
				CLANG_WARN_ENUM_CONVERSION = YES;
				CLANG_WARN_INFINITE_RECURSION = YES;
				CLANG_WARN_INT_CONVERSION = YES;
				CLANG_WARN_NON_LITERAL_NULL_CONVERSION = YES;
				CLANG_WARN_OBJC_IMPLICIT_RETAIN_SELF = YES;
				CLANG_WARN_OBJC_LITERAL_CONVERSION = YES;
				CLANG_WARN_OBJC_ROOT_CLASS = YES_ERROR;
				CLANG_WARN_RANGE_LOOP_ANALYSIS = YES;
				CLANG_WARN_STRICT_PROTOTYPES = YES;
				CLANG_WARN_SUSPICIOUS_MOVE = YES;
				CLANG_WARN_UNGUARDED_AVAILABILITY = YES_AGGRESSIVE;
				CLANG_WARN_UNREACHABLE_CODE = YES;
				CLANG_WARN__DUPLICATE_METHOD_MATCH = YES;
				CODE_SIGN_IDENTITY = "iPhone Developer";
				COPY_PHASE_STRIP = NO;
				DEBUG_INFORMATION_FORMAT = "dwarf-with-dsym";
				ENABLE_NS_ASSERTIONS = NO;
				ENABLE_STRICT_OBJC_MSGSEND = YES;
				GCC_C_LANGUAGE_STANDARD = gnu11;
				GCC_NO_COMMON_BLOCKS = YES;
				GCC_WARN_64_TO_32_BIT_CONVERSION = YES;
				GCC_WARN_ABOUT_RETURN_TYPE = YES_ERROR;
				GCC_WARN_UNDECLARED_SELECTOR = YES;
				GCC_WARN_UNINITIALIZED_AUTOS = YES_AGGRESSIVE;
				GCC_WARN_UNUSED_FUNCTION = YES;
				GCC_WARN_UNUSED_VARIABLE = YES;
				IPHONEOS_DEPLOYMENT_TARGET = 12.1;
				MTL_ENABLE_DEBUG_INFO = NO;
				MTL_FAST_MATH = YES;
				SDKROOT = iphoneos;
				SWIFT_COMPILATION_MODE = wholemodule;
				SWIFT_OPTIMIZATION_LEVEL = "-O";
				VALIDATE_PRODUCT = YES;
			};
			name = Release;
		};
		9D143A7E21FB09B8005611D8 /* Debug */ = {
			isa = XCBuildConfiguration;
			buildSettings = {
				ASSETCATALOG_COMPILER_APPICON_NAME = AppIcon;
				CODE_SIGN_STYLE = Automatic;
				DEVELOPMENT_TEAM = J859CM2Z5L;
				INFOPLIST_FILE = "Clean-tableView/Info.plist";
				IPHONEOS_DEPLOYMENT_TARGET = 11.0;
				LD_RUNPATH_SEARCH_PATHS = (
					"$(inherited)",
					"@executable_path/Frameworks",
				);
				PRODUCT_BUNDLE_IDENTIFIER = "Matthew-Usdin.Clean-tableView";
				PRODUCT_NAME = "$(TARGET_NAME)";
				SWIFT_VERSION = 4.2;
				TARGETED_DEVICE_FAMILY = "1,2";
			};
			name = Debug;
		};
		9D143A7F21FB09B8005611D8 /* Release */ = {
			isa = XCBuildConfiguration;
			buildSettings = {
				ASSETCATALOG_COMPILER_APPICON_NAME = AppIcon;
				CODE_SIGN_STYLE = Automatic;
				DEVELOPMENT_TEAM = J859CM2Z5L;
				INFOPLIST_FILE = "Clean-tableView/Info.plist";
				IPHONEOS_DEPLOYMENT_TARGET = 11.0;
				LD_RUNPATH_SEARCH_PATHS = (
					"$(inherited)",
					"@executable_path/Frameworks",
				);
				PRODUCT_BUNDLE_IDENTIFIER = "Matthew-Usdin.Clean-tableView";
				PRODUCT_NAME = "$(TARGET_NAME)";
				SWIFT_VERSION = 4.2;
				TARGETED_DEVICE_FAMILY = "1,2";
			};
			name = Release;
		};
/* End XCBuildConfiguration section */

/* Begin XCConfigurationList section */
		9D143A6621FB09B5005611D8 /* Build configuration list for PBXProject "Clean-tableView" */ = {
			isa = XCConfigurationList;
			buildConfigurations = (
				9D143A7B21FB09B8005611D8 /* Debug */,
				9D143A7C21FB09B8005611D8 /* Release */,
			);
			defaultConfigurationIsVisible = 0;
			defaultConfigurationName = Release;
		};
		9D143A7D21FB09B8005611D8 /* Build configuration list for PBXNativeTarget "Clean-tableView" */ = {
			isa = XCConfigurationList;
			buildConfigurations = (
				9D143A7E21FB09B8005611D8 /* Debug */,
				9D143A7F21FB09B8005611D8 /* Release */,
			);
			defaultConfigurationIsVisible = 0;
			defaultConfigurationName = Release;
		};
/* End XCConfigurationList section */
	};
	rootObject = 9D143A6321FB09B5005611D8 /* Project object */;
}
